{
  "version": 4,
  "terraform_version": "1.5.7",
  "serial": 37,
  "lineage": "bfa7fcc5-62db-678f-cd50-ffc953f77198",
  "outputs": {
    "storage_server_ip": {
      "value": "158.247.245.73",
      "type": "string"
    },
    "total_monthly_cost": {
      "value": "$272/month (App: $96 + Streaming: $128 + Storage: $48)",
      "type": "string"
    },
    "vpc_subnet": {
      "value": "10.0.0.0",
      "type": "string"
    }
  },
  "resources": [
    {
      "mode": "managed",
      "type": "vultr_firewall_group",
      "name": "app",
      "provider": "provider[\"registry.terraform.io/vultr/vultr\"]",
      "instances": [
        {
          "schema_version": 0,
          "attributes": {
            "date_created": "2025-08-20T17:08:43+00:00",
            "date_modified": "2025-08-20T17:08:45+00:00",
            "description": "videopick-phase2 App Server Firewall",
            "id": "80e3b084-196f-4b1f-83a6-2beca9d629fb",
            "instance_count": 0,
            "max_rule_count": 50,
            "rule_count": 5
          },
          "sensitive_attributes": [],
          "private": "bnVsbA=="
        }
      ]
    },
    {
      "mode": "managed",
      "type": "vultr_firewall_group",
      "name": "storage",
      "provider": "provider[\"registry.terraform.io/vultr/vultr\"]",
      "instances": [
        {
          "schema_version": 0,
          "attributes": {
            "date_created": "2025-08-20T17:08:43+00:00",
            "date_modified": "2025-08-20T17:10:34+00:00",
            "description": "videopick-phase2 Storage Server Firewall",
            "id": "c641f68b-b454-435c-9112-7061178e2094",
            "instance_count": 1,
            "max_rule_count": 50,
            "rule_count": 3
          },
          "sensitive_attributes": [],
          "private": "bnVsbA=="
        }
      ]
    },
    {
      "mode": "managed",
      "type": "vultr_firewall_group",
      "name": "streaming",
      "provider": "provider[\"registry.terraform.io/vultr/vultr\"]",
      "instances": [
        {
          "schema_version": 0,
          "attributes": {
            "date_created": "2025-08-20T17:08:43+00:00",
            "date_modified": "2025-08-20T17:08:46+00:00",
            "description": "videopick-phase2 Streaming Server Firewall",
            "id": "61c1decb-c930-46c3-9634-10c69ec1db4e",
            "instance_count": 0,
            "max_rule_count": 50,
            "rule_count": 4
          },
          "sensitive_attributes": [],
          "private": "bnVsbA=="
        }
      ]
    },
    {
      "mode": "managed",
      "type": "vultr_firewall_rule",
      "name": "app_centrifugo",
      "provider": "provider[\"registry.terraform.io/vultr/vultr\"]",
      "instances": [
        {
          "schema_version": 0,
          "attributes": {
            "firewall_group_id": "80e3b084-196f-4b1f-83a6-2beca9d629fb",
            "id": "4",
            "ip_type": "v4",
            "notes": "Centrifugo WebSocket",
            "port": "8000",
            "protocol": "tcp",
            "source": "",
            "subnet": "0.0.0.0",
            "subnet_size": 0
          },
          "sensitive_attributes": [],
          "private": "bnVsbA==",
          "dependencies": [
            "vultr_firewall_group.app"
          ]
        }
      ]
    },
    {
      "mode": "managed",
      "type": "vultr_firewall_rule",
      "name": "app_http",
      "provider": "provider[\"registry.terraform.io/vultr/vultr\"]",
      "instances": [
        {
          "schema_version": 0,
          "attributes": {
            "firewall_group_id": "80e3b084-196f-4b1f-83a6-2beca9d629fb",
            "id": "1",
            "ip_type": "v4",
            "notes": "HTTP",
            "port": "80",
            "protocol": "tcp",
            "source": "",
            "subnet": "0.0.0.0",
            "subnet_size": 0
          },
          "sensitive_attributes": [],
          "private": "bnVsbA==",
          "dependencies": [
            "vultr_firewall_group.app"
          ]
        }
      ]
    },
    {
      "mode": "managed",
      "type": "vultr_firewall_rule",
      "name": "app_https",
      "provider": "provider[\"registry.terraform.io/vultr/vultr\"]",
      "instances": [
        {
          "schema_version": 0,
          "attributes": {
            "firewall_group_id": "80e3b084-196f-4b1f-83a6-2beca9d629fb",
            "id": "5",
            "ip_type": "v4",
            "notes": "HTTPS",
            "port": "443",
            "protocol": "tcp",
            "source": "",
            "subnet": "0.0.0.0",
            "subnet_size": 0
          },
          "sensitive_attributes": [],
          "private": "bnVsbA==",
          "dependencies": [
            "vultr_firewall_group.app"
          ]
        }
      ]
    },
    {
      "mode": "managed",
      "type": "vultr_firewall_rule",
      "name": "app_nextjs",
      "provider": "provider[\"registry.terraform.io/vultr/vultr\"]",
      "instances": [
        {
          "schema_version": 0,
          "attributes": {
            "firewall_group_id": "80e3b084-196f-4b1f-83a6-2beca9d629fb",
            "id": "2",
            "ip_type": "v4",
            "notes": "Next.js",
            "port": "3000",
            "protocol": "tcp",
            "source": "",
            "subnet": "0.0.0.0",
            "subnet_size": 0
          },
          "sensitive_attributes": [],
          "private": "bnVsbA==",
          "dependencies": [
            "vultr_firewall_group.app"
          ]
        }
      ]
    },
    {
      "mode": "managed",
      "type": "vultr_firewall_rule",
      "name": "app_ssh",
      "provider": "provider[\"registry.terraform.io/vultr/vultr\"]",
      "instances": [
        {
          "schema_version": 0,
          "attributes": {
            "firewall_group_id": "80e3b084-196f-4b1f-83a6-2beca9d629fb",
            "id": "3",
            "ip_type": "v4",
            "notes": "SSH",
            "port": "22",
            "protocol": "tcp",
            "source": "",
            "subnet": "0.0.0.0",
            "subnet_size": 0
          },
          "sensitive_attributes": [],
          "private": "bnVsbA==",
          "dependencies": [
            "vultr_firewall_group.app"
          ]
        }
      ]
    },
    {
      "mode": "managed",
      "type": "vultr_firewall_rule",
      "name": "storage_minio",
      "provider": "provider[\"registry.terraform.io/vultr/vultr\"]",
      "instances": [
        {
          "schema_version": 0,
          "attributes": {
            "firewall_group_id": "c641f68b-b454-435c-9112-7061178e2094",
            "id": "4",
            "ip_type": "v4",
            "notes": "MinIO",
            "port": "9000:9001",
            "protocol": "tcp",
            "source": "",
            "subnet": "0.0.0.0",
            "subnet_size": 0
          },
          "sensitive_attributes": [],
          "private": "bnVsbA==",
          "dependencies": [
            "vultr_firewall_group.storage"
          ]
        }
      ]
    },
    {
      "mode": "managed",
      "type": "vultr_firewall_rule",
      "name": "storage_ssh",
      "provider": "provider[\"registry.terraform.io/vultr/vultr\"]",
      "instances": [
        {
          "schema_version": 0,
          "attributes": {
            "firewall_group_id": "c641f68b-b454-435c-9112-7061178e2094",
            "id": "1",
            "ip_type": "v4",
            "notes": "SSH",
            "port": "22",
            "protocol": "tcp",
            "source": "",
            "subnet": "0.0.0.0",
            "subnet_size": 0
          },
          "sensitive_attributes": [],
          "private": "bnVsbA==",
          "dependencies": [
            "vultr_firewall_group.storage"
          ]
        }
      ]
    },
    {
      "mode": "managed",
      "type": "vultr_firewall_rule",
      "name": "storage_tus",
      "provider": "provider[\"registry.terraform.io/vultr/vultr\"]",
      "instances": [
        {
          "schema_version": 0,
          "attributes": {
            "firewall_group_id": "c641f68b-b454-435c-9112-7061178e2094",
            "id": "3",
            "ip_type": "v4",
            "notes": "TUS Upload",
            "port": "1080",
            "protocol": "tcp",
            "source": "",
            "subnet": "0.0.0.0",
            "subnet_size": 0
          },
          "sensitive_attributes": [],
          "private": "bnVsbA==",
          "dependencies": [
            "vultr_firewall_group.storage"
          ]
        }
      ]
    },
    {
      "mode": "managed",
      "type": "vultr_firewall_rule",
      "name": "streaming_hls",
      "provider": "provider[\"registry.terraform.io/vultr/vultr\"]",
      "instances": [
        {
          "schema_version": 0,
          "attributes": {
            "firewall_group_id": "61c1decb-c930-46c3-9634-10c69ec1db4e",
            "id": "2",
            "ip_type": "v4",
            "notes": "HLS",
            "port": "8888",
            "protocol": "tcp",
            "source": "",
            "subnet": "0.0.0.0",
            "subnet_size": 0
          },
          "sensitive_attributes": [],
          "private": "bnVsbA==",
          "dependencies": [
            "vultr_firewall_group.streaming"
          ]
        }
      ]
    },
    {
      "mode": "managed",
      "type": "vultr_firewall_rule",
      "name": "streaming_rtmp",
      "provider": "provider[\"registry.terraform.io/vultr/vultr\"]",
      "instances": [
        {
          "schema_version": 0,
          "attributes": {
            "firewall_group_id": "61c1decb-c930-46c3-9634-10c69ec1db4e",
            "id": "4",
            "ip_type": "v4",
            "notes": "RTMP",
            "port": "1935",
            "protocol": "tcp",
            "source": "",
            "subnet": "0.0.0.0",
            "subnet_size": 0
          },
          "sensitive_attributes": [],
          "private": "bnVsbA==",
          "dependencies": [
            "vultr_firewall_group.streaming"
          ]
        }
      ]
    },
    {
      "mode": "managed",
      "type": "vultr_firewall_rule",
      "name": "streaming_ssh",
      "provider": "provider[\"registry.terraform.io/vultr/vultr\"]",
      "instances": [
        {
          "schema_version": 0,
          "attributes": {
            "firewall_group_id": "61c1decb-c930-46c3-9634-10c69ec1db4e",
            "id": "1",
            "ip_type": "v4",
            "notes": "SSH",
            "port": "22",
            "protocol": "tcp",
            "source": "",
            "subnet": "0.0.0.0",
            "subnet_size": 0
          },
          "sensitive_attributes": [],
          "private": "bnVsbA==",
          "dependencies": [
            "vultr_firewall_group.streaming"
          ]
        }
      ]
    },
    {
      "mode": "managed",
      "type": "vultr_firewall_rule",
      "name": "streaming_webrtc",
      "provider": "provider[\"registry.terraform.io/vultr/vultr\"]",
      "instances": [
        {
          "schema_version": 0,
          "attributes": {
            "firewall_group_id": "61c1decb-c930-46c3-9634-10c69ec1db4e",
            "id": "3",
            "ip_type": "v4",
            "notes": "WebRTC",
            "port": "8889",
            "protocol": "tcp",
            "source": "",
            "subnet": "0.0.0.0",
            "subnet_size": 0
          },
          "sensitive_attributes": [],
          "private": "bnVsbA==",
          "dependencies": [
            "vultr_firewall_group.streaming"
          ]
        }
      ]
    },
    {
      "mode": "managed",
      "type": "vultr_ssh_key",
      "name": "main",
      "provider": "provider[\"registry.terraform.io/vultr/vultr\"]",
      "instances": [
        {
          "schema_version": 0,
          "attributes": {
            "date_created": "2025-08-20T17:08:43+00:00",
            "id": "6db4617e-ebc6-4a3d-b0a5-f2d343215d2c",
            "name": "videopick-phase2-key",
            "ssh_key": "ssh-rsa AAAAB3NzaC1yc2EAAAADAQABAAACAQC+/210albcyHMo9GX+DBhz4LpooXo+VI072kI7SsO6yCaVBiVn+YoPV+nbGsiWLcepk9ACq6vxodQSo31BxV0X3Oz5CXlJMsvu/pJQOM2h7a5X0waEvnPPJPz73VIxdOvUoULm6hLjRTO3NUyxrCvamrQHRFXLcBnHqppmmlwru1I54nb4PuAr7o03FJmA7YBZc+pQH0bhdJoCr2bF50ucpulb1+J09ej7ddWtP+BNc5Vb40tGV5usx0KB+XXwWl7ntGc5ygj0rdM7CkZhm/CCs6TvLM5zHPhnJy9oo8CcDt8OvuyKbPbOtjoPpH3Ol4MA3tbw+fc+mO5uKM8lfVpea4JOilKRGH6ttZFsguk7RNWhtH1vISt/GeOKdLrz02B+Elyh+uWLiAco3smWLXY9ifh4UM050coZq1Cz+ULe+8JRn10lsf8gbc71/f/58wQWOcR+UMG3pqgv2s8aWC8L44sns/b3z7uo5WAc6UfnSVQOAcb64FAID5y5du9s/UkC/U762F2WKbA880b+bfWXguBGnd84bmAk6ptRH1/fQHU9K5mzj0JnVIpFM2+QVFlX5r+zTL4WlLOAAFTkazBg4B/mGD9X6esUplJ3P3WTVjm4h+sWO9XBjxjCNIGN1o2uC0tHz/IqZANZAGvoWqwphQZsaURQ7UPYiZTbX0tIxQ== cheon43@gmail.com"
          },
          "sensitive_attributes": [],
          "private": "bnVsbA=="
        }
      ]
    },
    {
      "mode": "managed",
      "type": "vultr_vpc",
      "name": "main",
      "provider": "provider[\"registry.terraform.io/vultr/vultr\"]",
      "instances": [
        {
          "schema_version": 0,
          "attributes": {
            "date_created": "2025-08-20T17:08:43+00:00",
            "description": "videopick-phase2 VPC",
            "id": "775ea012-c004-43e7-8ba2-889eb4b7f7ab",
            "region": "icn",
            "v4_subnet": "10.0.0.0",
            "v4_subnet_mask": 24
          },
          "sensitive_attributes": [],
          "private": "bnVsbA=="
        }
      ]
    }
  ],
  "check_results": null
}
